// !$*UTF8*$!
{
	archiveVersion = 1;
	classes = {
	};
	objectVersion = 55;
	objects = {

/* Begin PBXBuildFile section */
		1732330027FBA51900AC63E9 /* LockScreenController.swift in Sources */ = {isa = PBXBuildFile; fileRef = 173232FF27FBA51900AC63E9 /* LockScreenController.swift */; };
		1734491B27FBC533006B51B9 /* UICompController.swift in Sources */ = {isa = PBXBuildFile; fileRef = 1734491A27FBC533006B51B9 /* UICompController.swift */; };
		1734491D27FBC637006B51B9 /* TableViewController.swift in Sources */ = {isa = PBXBuildFile; fileRef = 1734491C27FBC637006B51B9 /* TableViewController.swift */; };
		1734491F27FC0740006B51B9 /* CustTableController.swift in Sources */ = {isa = PBXBuildFile; fileRef = 1734491E27FC0740006B51B9 /* CustTableController.swift */; };
		173AD94F27F16F6300F5DAF6 /* AppDelegate.swift in Sources */ = {isa = PBXBuildFile; fileRef = 173AD94E27F16F6300F5DAF6 /* AppDelegate.swift */; };
		173AD95127F16F6300F5DAF6 /* SceneDelegate.swift in Sources */ = {isa = PBXBuildFile; fileRef = 173AD95027F16F6300F5DAF6 /* SceneDelegate.swift */; };
		173AD95327F16F6300F5DAF6 /* ViewController.swift in Sources */ = {isa = PBXBuildFile; fileRef = 173AD95227F16F6300F5DAF6 /* ViewController.swift */; };
		173AD95627F16F6300F5DAF6 /* Main.storyboard in Resources */ = {isa = PBXBuildFile; fileRef = 173AD95427F16F6300F5DAF6 /* Main.storyboard */; };
		173AD95827F16F6400F5DAF6 /* Assets.xcassets in Resources */ = {isa = PBXBuildFile; fileRef = 173AD95727F16F6400F5DAF6 /* Assets.xcassets */; };
		173AD95B27F16F6400F5DAF6 /* LaunchScreen.storyboard in Resources */ = {isa = PBXBuildFile; fileRef = 173AD95927F16F6400F5DAF6 /* LaunchScreen.storyboard */; };
		17405C5527FFD40200C708F2 /* SettingTableController.swift in Sources */ = {isa = PBXBuildFile; fileRef = 17405C5427FFD40200C708F2 /* SettingTableController.swift */; };
		17405C5827FFFC5500C708F2 /* SampleLabelViewController.swift in Sources */ = {isa = PBXBuildFile; fileRef = 17405C5727FFFC5500C708F2 /* SampleLabelViewController.swift */; };
		1749BFC427FE9B1700F852A3 /* ViewDataController.swift in Sources */ = {isa = PBXBuildFile; fileRef = 1749BFC327FE9B1700F852A3 /* ViewDataController.swift */; };
		176755422805052F007D47F1 /* SettingInfoTableController.swift in Sources */ = {isa = PBXBuildFile; fileRef = 176755412805052F007D47F1 /* SettingInfoTableController.swift */; };
/* End PBXBuildFile section */

/* Begin PBXFileReference section */
		173232FF27FBA51900AC63E9 /* LockScreenController.swift */ = {isa = PBXFileReference; lastKnownFileType = sourcecode.swift; path = LockScreenController.swift; sourceTree = "<group>"; };
		1734491A27FBC533006B51B9 /* UICompController.swift */ = {isa = PBXFileReference; lastKnownFileType = sourcecode.swift; path = UICompController.swift; sourceTree = "<group>"; };
		1734491C27FBC637006B51B9 /* TableViewController.swift */ = {isa = PBXFileReference; lastKnownFileType = sourcecode.swift; path = TableViewController.swift; sourceTree = "<group>"; };
		1734491E27FC0740006B51B9 /* CustTableController.swift */ = {isa = PBXFileReference; lastKnownFileType = sourcecode.swift; path = CustTableController.swift; sourceTree = "<group>"; };
		173AD94B27F16F6300F5DAF6 /* AutoLayout.app */ = {isa = PBXFileReference; explicitFileType = wrapper.application; includeInIndex = 0; path = AutoLayout.app; sourceTree = BUILT_PRODUCTS_DIR; };
		173AD94E27F16F6300F5DAF6 /* AppDelegate.swift */ = {isa = PBXFileReference; lastKnownFileType = sourcecode.swift; path = AppDelegate.swift; sourceTree = "<group>"; };
		173AD95027F16F6300F5DAF6 /* SceneDelegate.swift */ = {isa = PBXFileReference; lastKnownFileType = sourcecode.swift; path = SceneDelegate.swift; sourceTree = "<group>"; };
		173AD95227F16F6300F5DAF6 /* ViewController.swift */ = {isa = PBXFileReference; lastKnownFileType = sourcecode.swift; path = ViewController.swift; sourceTree = "<group>"; };
		173AD95527F16F6300F5DAF6 /* Base */ = {isa = PBXFileReference; lastKnownFileType = file.storyboard; name = Base; path = Base.lproj/Main.storyboard; sourceTree = "<group>"; };
		173AD95727F16F6400F5DAF6 /* Assets.xcassets */ = {isa = PBXFileReference; lastKnownFileType = folder.assetcatalog; path = Assets.xcassets; sourceTree = "<group>"; };
		173AD95A27F16F6400F5DAF6 /* Base */ = {isa = PBXFileReference; lastKnownFileType = file.storyboard; name = Base; path = Base.lproj/LaunchScreen.storyboard; sourceTree = "<group>"; };
		173AD95C27F16F6400F5DAF6 /* Info.plist */ = {isa = PBXFileReference; lastKnownFileType = text.plist.xml; path = Info.plist; sourceTree = "<group>"; };
		17405C5427FFD40200C708F2 /* SettingTableController.swift */ = {isa = PBXFileReference; lastKnownFileType = sourcecode.swift; path = SettingTableController.swift; sourceTree = "<group>"; };
		17405C5727FFFC5500C708F2 /* SampleLabelViewController.swift */ = {isa = PBXFileReference; lastKnownFileType = sourcecode.swift; path = SampleLabelViewController.swift; sourceTree = "<group>"; };
		1749BFC327FE9B1700F852A3 /* ViewDataController.swift */ = {isa = PBXFileReference; lastKnownFileType = sourcecode.swift; path = ViewDataController.swift; sourceTree = "<group>"; };
		176755412805052F007D47F1 /* SettingInfoTableController.swift */ = {isa = PBXFileReference; lastKnownFileType = sourcecode.swift; path = SettingInfoTableController.swift; sourceTree = "<group>"; };
/* End PBXFileReference section */

/* Begin PBXFrameworksBuildPhase section */
		173AD94827F16F6300F5DAF6 /* Frameworks */ = {
			isa = PBXFrameworksBuildPhase;
			buildActionMask = 2147483647;
			files = (
			);
			runOnlyForDeploymentPostprocessing = 0;
		};
/* End PBXFrameworksBuildPhase section */

/* Begin PBXGroup section */
		173AD94227F16F6300F5DAF6 = {
			isa = PBXGroup;
			children = (
				173AD94D27F16F6300F5DAF6 /* AutoLayout */,
				173AD94C27F16F6300F5DAF6 /* Products */,
			);
			sourceTree = "<group>";
		};
		173AD94C27F16F6300F5DAF6 /* Products */ = {
			isa = PBXGroup;
			children = (
				173AD94B27F16F6300F5DAF6 /* AutoLayout.app */,
			);
			name = Products;
			sourceTree = "<group>";
		};
		173AD94D27F16F6300F5DAF6 /* AutoLayout */ = {
			isa = PBXGroup;
			children = (
				17405C5627FFF9F900C708F2 /* ViewWithData */,
				173AD94E27F16F6300F5DAF6 /* AppDelegate.swift */,
				173AD95027F16F6300F5DAF6 /* SceneDelegate.swift */,
				173AD95227F16F6300F5DAF6 /* ViewController.swift */,
				1734491A27FBC533006B51B9 /* UICompController.swift */,
				173232FF27FBA51900AC63E9 /* LockScreenController.swift */,
				173AD95427F16F6300F5DAF6 /* Main.storyboard */,
				17405C5727FFFC5500C708F2 /* SampleLabelViewController.swift */,
				173AD95727F16F6400F5DAF6 /* Assets.xcassets */,
				173AD95927F16F6400F5DAF6 /* LaunchScreen.storyboard */,
				173AD95C27F16F6400F5DAF6 /* Info.plist */,
			);
			path = AutoLayout;
			sourceTree = "<group>";
		};
		17405C5627FFF9F900C708F2 /* ViewWithData */ = {
			isa = PBXGroup;
			children = (
				1734491E27FC0740006B51B9 /* CustTableController.swift */,
				1749BFC327FE9B1700F852A3 /* ViewDataController.swift */,
				17405C5427FFD40200C708F2 /* SettingTableController.swift */,
				1734491C27FBC637006B51B9 /* TableViewController.swift */,
				176755412805052F007D47F1 /* SettingInfoTableController.swift */,
			);
			path = ViewWithData;
			sourceTree = "<group>";
		};
/* End PBXGroup section */

/* Begin PBXNativeTarget section */
		173AD94A27F16F6300F5DAF6 /* AutoLayout */ = {
			isa = PBXNativeTarget;
			buildConfigurationList = 173AD95F27F16F6400F5DAF6 /* Build configuration list for PBXNativeTarget "AutoLayout" */;
			buildPhases = (
				173AD94727F16F6300F5DAF6 /* Sources */,
				173AD94827F16F6300F5DAF6 /* Frameworks */,
				173AD94927F16F6300F5DAF6 /* Resources */,
			);
			buildRules = (
			);
			dependencies = (
			);
			name = AutoLayout;
			productName = AutoLayout;
			productReference = 173AD94B27F16F6300F5DAF6 /* AutoLayout.app */;
			productType = "com.apple.product-type.application";
		};
/* End PBXNativeTarget section */

/* Begin PBXProject section */
		173AD94327F16F6300F5DAF6 /* Project object */ = {
			isa = PBXProject;
			attributes = {
				BuildIndependentTargetsInParallel = 1;
				LastSwiftUpdateCheck = 1330;
				LastUpgradeCheck = 1330;
				TargetAttributes = {
					173AD94A27F16F6300F5DAF6 = {
						CreatedOnToolsVersion = 13.3;
					};
				};
			};
			buildConfigurationList = 173AD94627F16F6300F5DAF6 /* Build configuration list for PBXProject "AutoLayout" */;
			compatibilityVersion = "Xcode 13.0";
			developmentRegion = en;
			hasScannedForEncodings = 0;
			knownRegions = (
				en,
				Base,
			);
			mainGroup = 173AD94227F16F6300F5DAF6;
			productRefGroup = 173AD94C27F16F6300F5DAF6 /* Products */;
			projectDirPath = "";
			projectRoot = "";
			targets = (
				173AD94A27F16F6300F5DAF6 /* AutoLayout */,
			);
		};
/* End PBXProject section */

/* Begin PBXResourcesBuildPhase section */
		173AD94927F16F6300F5DAF6 /* Resources */ = {
			isa = PBXResourcesBuildPhase;
			buildActionMask = 2147483647;
			files = (
				173AD95B27F16F6400F5DAF6 /* LaunchScreen.storyboard in Resources */,
				173AD95827F16F6400F5DAF6 /* Assets.xcassets in Resources */,
				173AD95627F16F6300F5DAF6 /* Main.storyboard in Resources */,
			);
			runOnlyForDeploymentPostprocessing = 0;
		};
/* End PBXResourcesBuildPhase section */

/* Begin PBXSourcesBuildPhase section */
		173AD94727F16F6300F5DAF6 /* Sources */ = {
			isa = PBXSourcesBuildPhase;
			buildActionMask = 2147483647;
			files = (
				173AD95327F16F6300F5DAF6 /* ViewController.swift in Sources */,
				1734491D27FBC637006B51B9 /* TableViewController.swift in Sources */,
				1734491B27FBC533006B51B9 /* UICompController.swift in Sources */,
				173AD94F27F16F6300F5DAF6 /* AppDelegate.swift in Sources */,
				1749BFC427FE9B1700F852A3 /* ViewDataController.swift in Sources */,
				1732330027FBA51900AC63E9 /* LockScreenController.swift in Sources */,
				173AD95127F16F6300F5DAF6 /* SceneDelegate.swift in Sources */,
				17405C5827FFFC5500C708F2 /* SampleLabelViewController.swift in Sources */,
				176755422805052F007D47F1 /* SettingInfoTableController.swift in Sources */,
				17405C5527FFD40200C708F2 /* SettingTableController.swift in Sources */,
				1734491F27FC0740006B51B9 /* CustTableController.swift in Sources */,
			);
			runOnlyForDeploymentPostprocessing = 0;
		};
/* End PBXSourcesBuildPhase section */

/* Begin PBXVariantGroup section */
		173AD95427F16F6300F5DAF6 /* Main.storyboard */ = {
			isa = PBXVariantGroup;
			children = (
				173AD95527F16F6300F5DAF6 /* Base */,
			);
			name = Main.storyboard;
			sourceTree = "<group>";
		};
		173AD95927F16F6400F5DAF6 /* LaunchScreen.storyboard */ = {
			isa = PBXVariantGroup;
			children = (
				173AD95A27F16F6400F5DAF6 /* Base */,
			);
			name = LaunchScreen.storyboard;
			sourceTree = "<group>";
		};
/* End PBXVariantGroup section */

/* Begin XCBuildConfiguration section */
		173AD95D27F16F6400F5DAF6 /* Debug */ = {
			isa = XCBuildConfiguration;
			buildSettings = {
				ALWAYS_SEARCH_USER_PATHS = NO;
				CLANG_ANALYZER_NONNULL = YES;
				CLANG_ANALYZER_NUMBER_OBJECT_CONVERSION = YES_AGGRESSIVE;
				CLANG_CXX_LANGUAGE_STANDARD = "gnu++17";
				CLANG_ENABLE_MODULES = YES;
				CLANG_ENABLE_OBJC_ARC = YES;
				CLANG_ENABLE_OBJC_WEAK = YES;
				CLANG_WARN_BLOCK_CAPTURE_AUTORELEASING = YES;
				CLANG_WARN_BOOL_CONVERSION = YES;
				CLANG_WARN_COMMA = YES;
				CLANG_WARN_CONSTANT_CONVERSION = YES;
				CLANG_WARN_DEPRECATED_OBJC_IMPLEMENTATIONS = YES;
				CLANG_WARN_DIRECT_OBJC_ISA_USAGE = YES_ERROR;
				CLANG_WARN_DOCUMENTATION_COMMENTS = YES;
				CLANG_WARN_EMPTY_BODY = YES;
				CLANG_WARN_ENUM_CONVERSION = YES;
				CLANG_WARN_INFINITE_RECURSION = YES;
				CLANG_WARN_INT_CONVERSION = YES;
				CLANG_WARN_NON_LITERAL_NULL_CONVERSION = YES;
				CLANG_WARN_OBJC_IMPLICIT_RETAIN_SELF = YES;
				CLANG_WARN_OBJC_LITERAL_CONVERSION = YES;
				CLANG_WARN_OBJC_ROOT_CLASS = YES_ERROR;
				CLANG_WARN_QUOTED_INCLUDE_IN_FRAMEWORK_HEADER = YES;
				CLANG_WARN_RANGE_LOOP_ANALYSIS = YES;
				CLANG_WARN_STRICT_PROTOTYPES = YES;
				CLANG_WARN_SUSPICIOUS_MOVE = YES;
				CLANG_WARN_UNGUARDED_AVAILABILITY = YES_AGGRESSIVE;
				CLANG_WARN_UNREACHABLE_CODE = YES;
				CLANG_WARN__DUPLICATE_METHOD_MATCH = YES;
				COPY_PHASE_STRIP = NO;
				DEBUG_INFORMATION_FORMAT = dwarf;
				ENABLE_STRICT_OBJC_MSGSEND = YES;
				ENABLE_TESTABILITY = YES;
				GCC_C_LANGUAGE_STANDARD = gnu11;
				GCC_DYNAMIC_NO_PIC = NO;
				GCC_NO_COMMON_BLOCKS = YES;
				GCC_OPTIMIZATION_LEVEL = 0;
				GCC_PREPROCESSOR_DEFINITIONS = (
					"DEBUG=1",
					"$(inherited)",
				);
				GCC_WARN_64_TO_32_BIT_CONVERSION = YES;
				GCC_WARN_ABOUT_RETURN_TYPE = YES_ERROR;
				GCC_WARN_UNDECLARED_SELECTOR = YES;
				GCC_WARN_UNINITIALIZED_AUTOS = YES_AGGRESSIVE;
				GCC_WARN_UNUSED_FUNCTION = YES;
				GCC_WARN_UNUSED_VARIABLE = YES;
				IPHONEOS_DEPLOYMENT_TARGET = 15.4;
				MTL_ENABLE_DEBUG_INFO = INCLUDE_SOURCE;
				MTL_FAST_MATH = YES;
				ONLY_ACTIVE_ARCH = YES;
				SDKROOT = iphoneos;
				SWIFT_ACTIVE_COMPILATION_CONDITIONS = DEBUG;
				SWIFT_OPTIMIZATION_LEVEL = "-Onone";
			};
			name = Debug;
		};
		173AD95E27F16F6400F5DAF6 /* Release */ = {
			isa = XCBuildConfiguration;
			buildSettings = {
				ALWAYS_SEARCH_USER_PATHS = NO;
				CLANG_ANALYZER_NONNULL = YES;
				CLANG_ANALYZER_NUMBER_OBJECT_CONVERSION = YES_AGGRESSIVE;
				CLANG_CXX_LANGUAGE_STANDARD = "gnu++17";
				CLANG_ENABLE_MODULES = YES;
				CLANG_ENABLE_OBJC_ARC = YES;
				CLANG_ENABLE_OBJC_WEAK = YES;
				CLANG_WARN_BLOCK_CAPTURE_AUTORELEASING = YES;
				CLANG_WARN_BOOL_CONVERSION = YES;
				CLANG_WARN_COMMA = YES;
				CLANG_WARN_CONSTANT_CONVERSION = YES;
				CLANG_WARN_DEPRECATED_OBJC_IMPLEMENTATIONS = YES;
				CLANG_WARN_DIRECT_OBJC_ISA_USAGE = YES_ERROR;
				CLANG_WARN_DOCUMENTATION_COMMENTS = YES;
				CLANG_WARN_EMPTY_BODY = YES;
				CLANG_WARN_ENUM_CONVERSION = YES;
				CLANG_WARN_INFINITE_RECURSION = YES;
				CLANG_WARN_INT_CONVERSION = YES;
				CLANG_WARN_NON_LITERAL_NULL_CONVERSION = YES;
				CLANG_WARN_OBJC_IMPLICIT_RETAIN_SELF = YES;
				CLANG_WARN_OBJC_LITERAL_CONVERSION = YES;
				CLANG_WARN_OBJC_ROOT_CLASS = YES_ERROR;
				CLANG_WARN_QUOTED_INCLUDE_IN_FRAMEWORK_HEADER = YES;
				CLANG_WARN_RANGE_LOOP_ANALYSIS = YES;
				CLANG_WARN_STRICT_PROTOTYPES = YES;
				CLANG_WARN_SUSPICIOUS_MOVE = YES;
				CLANG_WARN_UNGUARDED_AVAILABILITY = YES_AGGRESSIVE;
				CLANG_WARN_UNREACHABLE_CODE = YES;
				CLANG_WARN__DUPLICATE_METHOD_MATCH = YES;
				COPY_PHASE_STRIP = NO;
				DEBUG_INFORMATION_FORMAT = "dwarf-with-dsym";
				ENABLE_NS_ASSERTIONS = NO;
				ENABLE_STRICT_OBJC_MSGSEND = YES;
				GCC_C_LANGUAGE_STANDARD = gnu11;
				GCC_NO_COMMON_BLOCKS = YES;
				GCC_WARN_64_TO_32_BIT_CONVERSION = YES;
				GCC_WARN_ABOUT_RETURN_TYPE = YES_ERROR;
				GCC_WARN_UNDECLARED_SELECTOR = YES;
				GCC_WARN_UNINITIALIZED_AUTOS = YES_AGGRESSIVE;
				GCC_WARN_UNUSED_FUNCTION = YES;
				GCC_WARN_UNUSED_VARIABLE = YES;
				IPHONEOS_DEPLOYMENT_TARGET = 15.4;
				MTL_ENABLE_DEBUG_INFO = NO;
				MTL_FAST_MATH = YES;
				SDKROOT = iphoneos;
				SWIFT_COMPILATION_MODE = wholemodule;
				SWIFT_OPTIMIZATION_LEVEL = "-O";
				VALIDATE_PRODUCT = YES;
			};
			name = Release;
		};
		173AD96027F16F6400F5DAF6 /* Debug */ = {
			isa = XCBuildConfiguration;
			buildSettings = {
				ASSETCATALOG_COMPILER_APPICON_NAME = AppIcon;
				ASSETCATALOG_COMPILER_GLOBAL_ACCENT_COLOR_NAME = AccentColor;
				CODE_SIGN_STYLE = Automatic;
				CURRENT_PROJECT_VERSION = 1;
				DEVELOPMENT_TEAM = D355BZASBV;
				GENERATE_INFOPLIST_FILE = YES;
				INFOPLIST_FILE = AutoLayout/Info.plist;
				INFOPLIST_KEY_UIApplicationSupportsIndirectInputEvents = YES;
				INFOPLIST_KEY_UILaunchStoryboardName = LaunchScreen;
				INFOPLIST_KEY_UIMainStoryboardFile = Main;
				INFOPLIST_KEY_UISupportedInterfaceOrientations_iPad = "UIInterfaceOrientationPortrait UIInterfaceOrientationPortraitUpsideDown UIInterfaceOrientationLandscapeLeft UIInterfaceOrientationLandscapeRight";
				INFOPLIST_KEY_UISupportedInterfaceOrientations_iPhone = "UIInterfaceOrientationPortrait UIInterfaceOrientationLandscapeLeft UIInterfaceOrientationLandscapeRight";
				LD_RUNPATH_SEARCH_PATHS = (
					"$(inherited)",
					"@executable_path/Frameworks",
				);
				MARKETING_VERSION = 1.0;
				PRODUCT_BUNDLE_IDENTIFIER = com.jin.AutoLayout;
				PRODUCT_NAME = "$(TARGET_NAME)";
				SWIFT_EMIT_LOC_STRINGS = YES;
				SWIFT_VERSION = 5.0;
				TARGETED_DEVICE_FAMILY = "1,2";
			};
			name = Debug;
		};
		173AD96127F16F6400F5DAF6 /* Release */ = {
			isa = XCBuildConfiguration;
			buildSettings = {
				ASSETCATALOG_COMPILER_APPICON_NAME = AppIcon;
				ASSETCATALOG_COMPILER_GLOBAL_ACCENT_COLOR_NAME = AccentColor;
				CODE_SIGN_STYLE = Automatic;
				CURRENT_PROJECT_VERSION = 1;
				DEVELOPMENT_TEAM = D355BZASBV;
				GENERATE_INFOPLIST_FILE = YES;
				INFOPLIST_FILE = AutoLayout/Info.plist;
				INFOPLIST_KEY_UIApplicationSupportsIndirectInputEvents = YES;
				INFOPLIST_KEY_UILaunchStoryboardName = LaunchScreen;
				INFOPLIST_KEY_UIMainStoryboardFile = Main;
				INFOPLIST_KEY_UISupportedInterfaceOrientations_iPad = "UIInterfaceOrientationPortrait UIInterfaceOrientationPortraitUpsideDown UIInterfaceOrientationLandscapeLeft UIInterfaceOrientationLandscapeRight";
				INFOPLIST_KEY_UISupportedInterfaceOrientations_iPhone = "UIInterfaceOrientationPortrait UIInterfaceOrientationLandscapeLeft UIInterfaceOrientationLandscapeRight";
				LD_RUNPATH_SEARCH_PATHS = (
					"$(inherited)",
					"@executable_path/Frameworks",
				);
				MARKETING_VERSION = 1.0;
				PRODUCT_BUNDLE_IDENTIFIER = com.jin.AutoLayout;
				PRODUCT_NAME = "$(TARGET_NAME)";
				SWIFT_EMIT_LOC_STRINGS = YES;
				SWIFT_VERSION = 5.0;
				TARGETED_DEVICE_FAMILY = "1,2";
			};
			name = Release;
		};
/* End XCBuildConfiguration section */

/* Begin XCConfigurationList section */
		173AD94627F16F6300F5DAF6 /* Build configuration list for PBXProject "AutoLayout" */ = {
			isa = XCConfigurationList;
			buildConfigurations = (
				173AD95D27F16F6400F5DAF6 /* Debug */,
				173AD95E27F16F6400F5DAF6 /* Release */,
			);
			defaultConfigurationIsVisible = 0;
			defaultConfigurationName = Release;
		};
		173AD95F27F16F6400F5DAF6 /* Build configuration list for PBXNativeTarget "AutoLayout" */ = {
			isa = XCConfigurationList;
			buildConfigurations = (
				173AD96027F16F6400F5DAF6 /* Debug */,
				173AD96127F16F6400F5DAF6 /* Release */,
			);
			defaultConfigurationIsVisible = 0;
			defaultConfigurationName = Release;
		};
/* End XCConfigurationList section */
	};
	rootObject = 173AD94327F16F6300F5DAF6 /* Project object */;
}
